
Microsoft Visual Studio Solution File, Format Version 12.00
# Visual Studio Version 17
VisualStudioVersion = 17.1.32421.90
MinimumVisualStudioVersion = 10.0.40219.1
Project("{8BC9CEB8-8B4A-11D0-8D11-00A0C91BC942}") = "cBookP250Practice", "cBookP250Practice\cBookP250Practice.vcxproj", "{01061909-1EF0-47F5-AE16-7993BC65A864}"
EndProject
Global
	GlobalSection(SolutionConfigurationPlatforms) = preSolution
		Debug|x64 = Debug|x64
		Debug|x86 = Debug|x86
		Release|x64 = Release|x64
		Release|x86 = Release|x86
	EndGlobalSection
	GlobalSection(ProjectConfigurationPlatforms) = postSolution
		{01061909-1EF0-47F5-AE16-7993BC65A864}.Debug|x64.ActiveCfg = Debug|x64
		{01061909-1EF0-47F5-AE16-7993BC65A864}.Debug|x64.Build.0 = Debug|x64
		{01061909-1EF0-47F5-AE16-7993BC65A864}.Debug|x86.ActiveCfg = Debug|Win32
		{01061909-1EF0-47F5-AE16-7993BC65A864}.Debug|x86.Build.0 = Debug|Win32
		{01061909-1EF0-47F5-AE16-7993BC65A864}.Release|x64.ActiveCfg = Release|x64
		{01061909-1EF0-47F5-AE16-7993BC65A864}.Release|x64.Build.0 = Release|x64
		{01061909-1EF0-47F5-AE16-7993BC65A864}.Release|x86.ActiveCfg = Release|Win32
		{01061909-1EF0-47F5-AE16-7993BC65A864}.Release|x86.Build.0 = Release|Win32
	EndGlobalSection
	GlobalSection(SolutionProperties) = preSolution
		HideSolutionNode = FALSE
	EndGlobalSection
	GlobalSection(ExtensibilityGlobals) = postSolution
		SolutionGuid = {401FC974-7B33-468D-9E16-88D2FC3542D8}
	EndGlobalSection
EndGlobal
